
Microsoft Visual Studio Solution File, Format Version 12.00
# Visual Studio Version 17
VisualStudioVersion = 17.13.35825.156
MinimumVisualStudioVersion = 10.0.40219.1
Project("{FAE04EC0-301F-11D3-BF4B-00C04F79EFBC}") = "zadanie 1", "zadanie 1\zadanie 1.csproj", "{DDFD76C8-10B7-49BD-A32F-DC6B1161C0A8}"
EndProject
Project("{FAE04EC0-301F-11D3-BF4B-00C04F79EFBC}") = "zadanie 2", "zadanie 2\zadanie 2.csproj", "{D65A908D-49AC-4AF3-82ED-9B6A8937AE65}"
EndProject
Project("{FAE04EC0-301F-11D3-BF4B-00C04F79EFBC}") = "zadanie 3", "zadanie 3\zadanie 3.csproj", "{EB157E10-0A05-4E2C-8D1F-08EB65204249}"
EndProject
Project("{FAE04EC0-301F-11D3-BF4B-00C04F79EFBC}") = "zadanie czwarte", "zadanie czwarte\zadanie czwarte.csproj", "{1DD5BE0B-7BD0-4404-8C7D-B25DFD7E9995}"
EndProject
Project("{FAE04EC0-301F-11D3-BF4B-00C04F79EFBC}") = "zadanie 5.1", "zadanie 5.1\zadanie 5.1.csproj", "{C89CD5B3-FBE8-49B4-BA06-E0B64A19701D}"
EndProject
Project("{FAE04EC0-301F-11D3-BF4B-00C04F79EFBC}") = "zadanie 6.1", "zadanie 6.1\zadanie 6.1.csproj", "{BADF33C4-5703-44AF-B21D-F5F339E3103F}"
EndProject
Project("{FAE04EC0-301F-11D3-BF4B-00C04F79EFBC}") = "zadanie 7.1", "zadanie 7.1\zadanie 7.1.csproj", "{0A925DA3-FA16-4417-B794-AC832E9A6F33}"
EndProject
Global
	GlobalSection(SolutionConfigurationPlatforms) = preSolution
		Debug|Any CPU = Debug|Any CPU
		Release|Any CPU = Release|Any CPU
	EndGlobalSection
	GlobalSection(ProjectConfigurationPlatforms) = postSolution
		{DDFD76C8-10B7-49BD-A32F-DC6B1161C0A8}.Debug|Any CPU.ActiveCfg = Debug|Any CPU
		{DDFD76C8-10B7-49BD-A32F-DC6B1161C0A8}.Debug|Any CPU.Build.0 = Debug|Any CPU
		{DDFD76C8-10B7-49BD-A32F-DC6B1161C0A8}.Release|Any CPU.ActiveCfg = Release|Any CPU
		{DDFD76C8-10B7-49BD-A32F-DC6B1161C0A8}.Release|Any CPU.Build.0 = Release|Any CPU
		{D65A908D-49AC-4AF3-82ED-9B6A8937AE65}.Debug|Any CPU.ActiveCfg = Debug|Any CPU
		{D65A908D-49AC-4AF3-82ED-9B6A8937AE65}.Debug|Any CPU.Build.0 = Debug|Any CPU
		{D65A908D-49AC-4AF3-82ED-9B6A8937AE65}.Release|Any CPU.ActiveCfg = Release|Any CPU
		{D65A908D-49AC-4AF3-82ED-9B6A8937AE65}.Release|Any CPU.Build.0 = Release|Any CPU
		{EB157E10-0A05-4E2C-8D1F-08EB65204249}.Debug|Any CPU.ActiveCfg = Debug|Any CPU
		{EB157E10-0A05-4E2C-8D1F-08EB65204249}.Debug|Any CPU.Build.0 = Debug|Any CPU
		{EB157E10-0A05-4E2C-8D1F-08EB65204249}.Release|Any CPU.ActiveCfg = Release|Any CPU
		{EB157E10-0A05-4E2C-8D1F-08EB65204249}.Release|Any CPU.Build.0 = Release|Any CPU
		{1DD5BE0B-7BD0-4404-8C7D-B25DFD7E9995}.Debug|Any CPU.ActiveCfg = Debug|Any CPU
		{1DD5BE0B-7BD0-4404-8C7D-B25DFD7E9995}.Debug|Any CPU.Build.0 = Debug|Any CPU
		{1DD5BE0B-7BD0-4404-8C7D-B25DFD7E9995}.Release|Any CPU.ActiveCfg = Release|Any CPU
		{1DD5BE0B-7BD0-4404-8C7D-B25DFD7E9995}.Release|Any CPU.Build.0 = Release|Any CPU
		{C89CD5B3-FBE8-49B4-BA06-E0B64A19701D}.Debug|Any CPU.ActiveCfg = Debug|Any CPU
		{C89CD5B3-FBE8-49B4-BA06-E0B64A19701D}.Debug|Any CPU.Build.0 = Debug|Any CPU
		{C89CD5B3-FBE8-49B4-BA06-E0B64A19701D}.Release|Any CPU.ActiveCfg = Release|Any CPU
		{C89CD5B3-FBE8-49B4-BA06-E0B64A19701D}.Release|Any CPU.Build.0 = Release|Any CPU
		{BADF33C4-5703-44AF-B21D-F5F339E3103F}.Debug|Any CPU.ActiveCfg = Debug|Any CPU
		{BADF33C4-5703-44AF-B21D-F5F339E3103F}.Debug|Any CPU.Build.0 = Debug|Any CPU
		{BADF33C4-5703-44AF-B21D-F5F339E3103F}.Release|Any CPU.ActiveCfg = Release|Any CPU
		{BADF33C4-5703-44AF-B21D-F5F339E3103F}.Release|Any CPU.Build.0 = Release|Any CPU
		{0A925DA3-FA16-4417-B794-AC832E9A6F33}.Debug|Any CPU.ActiveCfg = Debug|Any CPU
		{0A925DA3-FA16-4417-B794-AC832E9A6F33}.Debug|Any CPU.Build.0 = Debug|Any CPU
		{0A925DA3-FA16-4417-B794-AC832E9A6F33}.Release|Any CPU.ActiveCfg = Release|Any CPU
		{0A925DA3-FA16-4417-B794-AC832E9A6F33}.Release|Any CPU.Build.0 = Release|Any CPU
	EndGlobalSection
	GlobalSection(SolutionProperties) = preSolution
		HideSolutionNode = FALSE
	EndGlobalSection
	GlobalSection(ExtensibilityGlobals) = postSolution
		SolutionGuid = {04EC2031-9871-4E96-AD0B-B1169CFB76FA}
	EndGlobalSection
EndGlobal
